
Microsoft Visual Studio Solution File, Format Version 12.00
# Visual Studio Version 17
VisualStudioVersion = 17.0.32112.339
MinimumVisualStudioVersion = 10.0.40219.1
Project("{FAE04EC0-301F-11D3-BF4B-00C04F79EFBC}") = "To Do List Application", "To Do List Application.csproj", "{A83F9C37-6EC5-42E1-A8A5-7E49C5BB55DB}"
EndProject
Global
	GlobalSection(SolutionConfigurationPlatforms) = preSolution
		Debug|Any CPU = Debug|Any CPU
		Release|Any CPU = Release|Any CPU
	EndGlobalSection
	GlobalSection(ProjectConfigurationPlatforms) = postSolution
		{A83F9C37-6EC5-42E1-A8A5-7E49C5BB55DB}.Debug|Any CPU.ActiveCfg = Debug|Any CPU
		{A83F9C37-6EC5-42E1-A8A5-7E49C5BB55DB}.Debug|Any CPU.Build.0 = Debug|Any CPU
		{A83F9C37-6EC5-42E1-A8A5-7E49C5BB55DB}.Release|Any CPU.ActiveCfg = Release|Any CPU
		{A83F9C37-6EC5-42E1-A8A5-7E49C5BB55DB}.Release|Any CPU.Build.0 = Release|Any CPU
	EndGlobalSection
	GlobalSection(SolutionProperties) = preSolution
		HideSolutionNode = FALSE
	EndGlobalSection
	GlobalSection(ExtensibilityGlobals) = postSolution
		SolutionGuid = {AFF669D5-C1FB-43E1-AD14-0FF4F64DF12A}
	EndGlobalSection
EndGlobal
